{
  "version": 4,
  "terraform_version": "0.12.18",
  "serial": 80,
  "lineage": "aba515f5-61e3-763a-f5be-e4126cc48def",
  "outputs": {},
  "resources": [
    {
      "mode": "data",
      "type": "oci_core_images",
      "name": "centos_linux_image",
      "provider": "provider.oci",
      "instances": [
        {
          "schema_version": 0,
          "attributes": {
            "compartment_id": "ocid1.tenancy.oc1..aaaaaaaabqf6ipabpntzwgh5gndm2ow4fzeow4mvqihimy4fbwtea3dbbiea",
            "display_name": null,
            "filter": null,
            "id": "2020-01-06 12:20:09.674346 +0000 UTC",
            "images": [
              {
                "agent_features": [],
                "base_image_id": "",
                "compartment_id": "",
                "create_image_allowed": true,
                "defined_tags": {},
                "display_name": "CentOS-7-PV-2019.09.30-0",
                "freeform_tags": {},
                "id": "ocid1.image.oc1.phx.aaaaaaaarrwf63aqohmlar3pzyyyy63uujdyanumpkuzqnvpgf6zlspyb3ea",
                "image_source_details": [],
                "instance_id": "",
                "launch_mode": "PARAVIRTUALIZED",
                "launch_options": [
                  {
                    "boot_volume_type": "PARAVIRTUALIZED",
                    "firmware": "UEFI_64",
                    "is_consistent_volume_naming_enabled": true,
                    "is_pv_encryption_in_transit_enabled": true,
                    "network_type": "PARAVIRTUALIZED",
                    "remote_data_volume_type": "PARAVIRTUALIZED"
                  }
                ],
                "operating_system": "CentOS",
                "operating_system_version": "7",
                "size_in_mbs": "47694",
                "state": "AVAILABLE",
                "time_created": "2019-10-03 19:23:05.982 +0000 UTC"
              },
              {
                "agent_features": [],
                "base_image_id": "",
                "compartment_id": "",
                "create_image_allowed": true,
                "defined_tags": {},
                "display_name": "CentOS-7-2019.12.18-0",
                "freeform_tags": {},
                "id": "ocid1.image.oc1.phx.aaaaaaaa7t6wuhdvewi46ph4rirkdnwdpgeloomyzzcp3umedcbccsamyksq",
                "image_source_details": [],
                "instance_id": "",
                "launch_mode": "NATIVE",
                "launch_options": [
                  {
                    "boot_volume_type": "PARAVIRTUALIZED",
                    "firmware": "UEFI_64",
                    "is_consistent_volume_naming_enabled": true,
                    "is_pv_encryption_in_transit_enabled": true,
                    "network_type": "PARAVIRTUALIZED",
                    "remote_data_volume_type": "PARAVIRTUALIZED"
                  }
                ],
                "operating_system": "CentOS",
                "operating_system_version": "7",
                "size_in_mbs": "47694",
                "state": "AVAILABLE",
                "time_created": "2019-12-18 23:42:59.363 +0000 UTC"
              },
              {
                "agent_features": [],
                "base_image_id": "",
                "compartment_id": "",
                "create_image_allowed": true,
                "defined_tags": {},
                "display_name": "CentOS-7-2019.11.15-0",
                "freeform_tags": {},
                "id": "ocid1.image.oc1.phx.aaaaaaaaknx2ppduoemdgkwck7ghc3kok74ljctqaelczm5jipop3cef55pq",
                "image_source_details": [],
                "instance_id": "",
                "launch_mode": "NATIVE",
                "launch_options": [
                  {
                    "boot_volume_type": "PARAVIRTUALIZED",
                    "firmware": "UEFI_64",
                    "is_consistent_volume_naming_enabled": true,
                    "is_pv_encryption_in_transit_enabled": true,
                    "network_type": "PARAVIRTUALIZED",
                    "remote_data_volume_type": "PARAVIRTUALIZED"
                  }
                ],
                "operating_system": "CentOS",
                "operating_system_version": "7",
                "size_in_mbs": "47694",
                "state": "AVAILABLE",
                "time_created": "2019-11-15 23:30:37.866 +0000 UTC"
              },
              {
                "agent_features": [],
                "base_image_id": "",
                "compartment_id": "",
                "create_image_allowed": true,
                "defined_tags": {},
                "display_name": "CentOS-7-2019.08.20-0",
                "freeform_tags": {},
                "id": "ocid1.image.oc1.phx.aaaaaaaag7vycom7jhxqxfl6rxt5pnf5wqolksl6onuqxderkqrgy4gsi3hq",
                "image_source_details": [],
                "instance_id": "",
                "launch_mode": "NATIVE",
                "launch_options": [
                  {
                    "boot_volume_type": "PARAVIRTUALIZED",
                    "firmware": "UEFI_64",
                    "is_consistent_volume_naming_enabled": true,
                    "is_pv_encryption_in_transit_enabled": true,
                    "network_type": "PARAVIRTUALIZED",
                    "remote_data_volume_type": "PARAVIRTUALIZED"
                  }
                ],
                "operating_system": "CentOS",
                "operating_system_version": "7",
                "size_in_mbs": "47694",
                "state": "AVAILABLE",
                "time_created": "2019-08-23 23:57:11.562 +0000 UTC"
              },
              {
                "agent_features": [],
                "base_image_id": "",
                "compartment_id": "",
                "create_image_allowed": true,
                "defined_tags": {},
                "display_name": "CentOS-6.10-2019.12.18-0",
                "freeform_tags": {},
                "id": "ocid1.image.oc1.phx.aaaaaaaacu66jdion7myidooit673ycmjzyylllqdzmkjbqu7ol2nnmofkfq",
                "image_source_details": [],
                "instance_id": "",
                "launch_mode": "NATIVE",
                "launch_options": [
                  {
                    "boot_volume_type": "PARAVIRTUALIZED",
                    "firmware": "UEFI_64",
                    "is_consistent_volume_naming_enabled": true,
                    "is_pv_encryption_in_transit_enabled": true,
                    "network_type": "PARAVIRTUALIZED",
                    "remote_data_volume_type": "PARAVIRTUALIZED"
                  }
                ],
                "operating_system": "CentOS",
                "operating_system_version": "6.10",
                "size_in_mbs": "47694",
                "state": "AVAILABLE",
                "time_created": "2019-12-19 15:02:54.644 +0000 UTC"
              },
              {
                "agent_features": [],
                "base_image_id": "",
                "compartment_id": "",
                "create_image_allowed": true,
                "defined_tags": {},
                "display_name": "CentOS-6.10-2019.11.15-0",
                "freeform_tags": {},
                "id": "ocid1.image.oc1.phx.aaaaaaaa3rdwzdsxjdibcz5ucyhd7y7fphdbuy4uzljq7m66qakjgrxn7exq",
                "image_source_details": [],
                "instance_id": "",
                "launch_mode": "NATIVE",
                "launch_options": [
                  {
                    "boot_volume_type": "PARAVIRTUALIZED",
                    "firmware": "UEFI_64",
                    "is_consistent_volume_naming_enabled": true,
                    "is_pv_encryption_in_transit_enabled": true,
                    "network_type": "PARAVIRTUALIZED",
                    "remote_data_volume_type": "PARAVIRTUALIZED"
                  }
                ],
                "operating_system": "CentOS",
                "operating_system_version": "6.10",
                "size_in_mbs": "47694",
                "state": "AVAILABLE",
                "time_created": "2019-11-15 23:27:22.769 +0000 UTC"
              },
              {
                "agent_features": [],
                "base_image_id": "",
                "compartment_id": "",
                "create_image_allowed": true,
                "defined_tags": {},
                "display_name": "CentOS-6.10-2019.08.21-0",
                "freeform_tags": {},
                "id": "ocid1.image.oc1.phx.aaaaaaaald5r64hvywyct4rbjjtcp257rkgbdweov3zudtb6i3phqte56paq",
                "image_source_details": [],
                "instance_id": "",
                "launch_mode": "NATIVE",
                "launch_options": [
                  {
                    "boot_volume_type": "PARAVIRTUALIZED",
                    "firmware": "UEFI_64",
                    "is_consistent_volume_naming_enabled": true,
                    "is_pv_encryption_in_transit_enabled": true,
                    "network_type": "PARAVIRTUALIZED",
                    "remote_data_volume_type": "PARAVIRTUALIZED"
                  }
                ],
                "operating_system": "CentOS",
                "operating_system_version": "6.10",
                "size_in_mbs": "47694",
                "state": "AVAILABLE",
                "time_created": "2019-08-22 22:40:22.199 +0000 UTC"
              }
            ],
            "operating_system": "CentOS",
            "operating_system_version": null,
            "shape": null,
            "sort_by": null,
            "sort_order": null,
            "state": null
          }
        }
      ]
    },
    {
      "mode": "data",
      "type": "oci_identity_availability_domains",
      "name": "ads",
      "provider": "provider.oci",
      "instances": [
        {
          "schema_version": 0,
          "attributes": {
            "availability_domains": [
              {
                "compartment_id": "ocid1.tenancy.oc1..aaaaaaaabqf6ipabpntzwgh5gndm2ow4fzeow4mvqihimy4fbwtea3dbbiea",
                "id": "ocid1.availabilitydomain.oc1..aaaaaaaac7uydq54rcymamzauv5pd23qk2g2vqlrfu5jd3y6i6qxpvvzkf7a",
                "name": "jDlL:PHX-AD-1"
              },
              {
                "compartment_id": "ocid1.tenancy.oc1..aaaaaaaabqf6ipabpntzwgh5gndm2ow4fzeow4mvqihimy4fbwtea3dbbiea",
                "id": "ocid1.availabilitydomain.oc1..aaaaaaaakemzo4ywaynz573sk4jpvwuqi7vmcuxajxfv4jjj2pthez3j2hbq",
                "name": "jDlL:PHX-AD-2"
              },
              {
                "compartment_id": "ocid1.tenancy.oc1..aaaaaaaabqf6ipabpntzwgh5gndm2ow4fzeow4mvqihimy4fbwtea3dbbiea",
                "id": "ocid1.availabilitydomain.oc1..aaaaaaaaupx7ga46w4xbb3fnkoh7rtyumacyb3ek6bw7bt3qff3mgt3mbrlq",
                "name": "jDlL:PHX-AD-3"
              }
            ],
            "compartment_id": "ocid1.tenancy.oc1..aaaaaaaabqf6ipabpntzwgh5gndm2ow4fzeow4mvqihimy4fbwtea3dbbiea",
            "filter": null,
            "id": "2020-01-06 12:20:09.627591 +0000 UTC"
          }
        }
      ]
    },
    {
      "mode": "managed",
      "type": "oci_core_instance",
      "name": "demo_vm",
      "provider": "provider.oci",
      "instances": [
        {
          "schema_version": 0,
          "attributes": {
            "agent_config": [
              {
                "is_management_disabled": false,
                "is_monitoring_disabled": false
              }
            ],
            "availability_domain": "jDlL:PHX-AD-3",
            "boot_volume_id": "ocid1.bootvolume.oc1.phx.abyhqljtidi2xbayhklv5s44tclqfnze6w5ei4fdlretd7uzm3twqe73qjja",
            "compartment_id": "ocid1.tenancy.oc1..aaaaaaaabqf6ipabpntzwgh5gndm2ow4fzeow4mvqihimy4fbwtea3dbbiea",
            "create_vnic_details": [
              {
                "assign_public_ip": "true",
                "defined_tags": {},
                "display_name": "primary-vnic",
                "freeform_tags": {},
                "hostname_label": "michalsvm",
                "nsg_ids": null,
                "private_ip": "192.168.10.2",
                "skip_source_dest_check": false,
                "subnet_id": "ocid1.subnet.oc1.phx.aaaaaaaa67b6urn35iby2a2fuehs2gobiuduk56s7ly52om7fc3kqsfspfgq"
              }
            ],
            "dedicated_vm_host_id": null,
            "defined_tags": {},
            "display_name": "demo-vm",
            "extended_metadata": null,
            "fault_domain": "FAULT-DOMAIN-3",
            "freeform_tags": {},
            "hostname_label": "michalsvm",
            "id": "ocid1.instance.oc1.phx.anyhqljtjkdonlqcfgmcf557thfhqqdiclt44ns2bfohcfrcj4ak5a6ciooa",
            "image": "ocid1.image.oc1.phx.aaaaaaaaknx2ppduoemdgkwck7ghc3kok74ljctqaelczm5jipop3cef55pq",
            "ipxe_script": null,
            "is_pv_encryption_in_transit_enabled": null,
            "launch_mode": "PARAVIRTUALIZED",
            "launch_options": [
              {
                "boot_volume_type": "PARAVIRTUALIZED",
                "firmware": "UEFI_64",
                "is_consistent_volume_naming_enabled": true,
                "is_pv_encryption_in_transit_enabled": false,
                "network_type": "PARAVIRTUALIZED",
                "remote_data_volume_type": "PARAVIRTUALIZED"
              }
            ],
            "metadata": {
              "ssh_authorized_keys": "ssh-rsa AAAAB3NzaC1yc2EAAAADAQABAAABAQDsCF0zdLQTNidKh8NexhxKfeuGgZL2notOTwqqFdAPFp/RU7NwdC6GtF1uwU20HAeEQQBvpx9bDY3Ij5XJoS0CXG2t2F7fH16Lhha3AaquyZQBwpYcVUXgas9TrhvBFMHgt+ZGSPMoIUnFHTr6oG6HCfqxnqgocsalrAfdDP4YpUyb6A60Nv+7XVrTSMLS8cfdrBmiueZT6kKFxuwpGLkUvNJbFXJ8/WFyg9vF4hBiuL86i0QmXsd9Y8ujD7VFghrY1gkxzvz0/p5anK+5d3vMCVxhPNPTNKjEVpnaQJwuKIly9hx+3TXSxjpAEz5xUEHKIDOWikVj6pGnfGbMkEQR davar@Anastass-MacBook-Pro.local\n",
              "user_data": "I2Nsb3VkLWNvbmZpZwp3cml0ZV9maWxlczoKLSAgIGNvbnRlbnQ6IHwKICAgICAgPCFET0NUWVBFIGh0bWwgUFVCTElDICItLy9XM0MvL0RURCBYSFRNTCAxLjEvL0VOIiAiaHR0cDovL3d3dy53My5vcmcvVFIveGh0bWwxMS9EVEQveGh0bWwxMS5kdGQiPgoKICAgICAgPGh0bWwgeG1sbnM9Imh0dHA6Ly93d3cudzMub3JnLzE5OTkveGh0bWwiIHhtbDpsYW5nPSJlbiI+CiAgICAgIDxoZWFkPgogICAgICAgIDx0aXRsZT5OZ2lueCBIVFRQIFNlcnZlciBvbiBPcmFjbGUgQ2xvdWQgSW5mcmFzdHJ1Y3R1cmU8L3RpdGxlPgogICAgICAgIDxtZXRhIGh0dHAtZXF1aXY9IkNvbnRlbnQtVHlwZSIgY29udGVudD0idGV4dC9odG1sOyBjaGFyc2V0PVVURi04IiAvPgogICAgICA8L2hlYWQ+CiAgICAgIDxib2R5PgogICAgICAgIDxkaXY+V2VsY29tZSB0byA8Yj5uZ2lueDwvYj4gb24gT3JhY2xlIENsb3VkIEluZnJhc3RydWN0dXJlITwvZGl2PgogICAgICA8L2JvZHk+CiAgICAgIDwvaHRtbD4KICAgIG93bmVyOiBvcGM6b3BjCiAgICBwYXRoOiAvaG9tZS9vcGMvaW5kZXguaHRtbApydW5jbWQ6Ci0gICAvYmluL3l1bSBpbnN0YWxsIC15IG5naW54Ci0gICAvYmluL3N5c3RlbWN0bCBzdGFydCBuZ2lueAotICAgL2Jpbi9maXJld2FsbC1vZmZsaW5lLWNtZCAtLWFkZC1wb3J0PTgwL3RjcAotICAgL2Jpbi9zeXN0ZW1jdGwgcmVzdGFydCBmaXJld2FsbGQKLSAgIG12IC9ob21lL29wYy9pbmRleC5odG1sIC91c3Ivc2hhcmUvbmdpbngvaHRtbC9pbmRleC5odG1sCg=="
            },
            "preserve_boot_volume": null,
            "private_ip": "192.168.10.2",
            "public_ip": "158.101.0.73",
            "region": "phx",
            "shape": "VM.Standard.E2.1.Micro",
            "source_details": [
              {
                "boot_volume_size_in_gbs": "47",
                "kms_key_id": "",
                "source_id": "ocid1.image.oc1.phx.aaaaaaaaknx2ppduoemdgkwck7ghc3kok74ljctqaelczm5jipop3cef55pq",
                "source_type": "image"
              }
            ],
            "state": "RUNNING",
            "subnet_id": "ocid1.subnet.oc1.phx.aaaaaaaa67b6urn35iby2a2fuehs2gobiuduk56s7ly52om7fc3kqsfspfgq",
            "system_tags": {
              "orcl-cloud.free-tier-retained": "true"
            },
            "time_created": "2020-01-06 12:20:18.871 +0000 UTC",
            "time_maintenance_reboot_due": "",
            "timeouts": {
              "create": "5m",
              "delete": null,
              "update": null
            }
          },
          "private": "eyJlMmJmYjczMC1lY2FhLTExZTYtOGY4OC0zNDM2M2JjN2M0YzAiOnsiY3JlYXRlIjozMDAwMDAwMDAwMDAsImRlbGV0ZSI6NzIwMDAwMDAwMDAwMCwidXBkYXRlIjo3MjAwMDAwMDAwMDAwfX0=",
          "dependencies": [
            "oci_core_internet_gateway.demo_igw",
            "oci_core_route_table.demo_rt",
            "oci_core_security_list.demo_sl",
            "oci_core_subnet.demo_subnet",
            "oci_core_virtual_network.demo_vcn"
          ]
        }
      ]
    },
    {
      "mode": "managed",
      "type": "oci_core_internet_gateway",
      "name": "demo_igw",
      "provider": "provider.oci",
      "instances": [
        {
          "schema_version": 0,
          "attributes": {
            "compartment_id": "ocid1.tenancy.oc1..aaaaaaaabqf6ipabpntzwgh5gndm2ow4fzeow4mvqihimy4fbwtea3dbbiea",
            "defined_tags": {},
            "display_name": "demo-igw",
            "enabled": true,
            "freeform_tags": {},
            "id": "ocid1.internetgateway.oc1.phx.aaaaaaaavfmnhvki4zbm5ouqslk6avivaft6fpvbysbwwqvuzygqejkw6req",
            "state": "AVAILABLE",
            "time_created": "2020-01-06 12:20:15.022 +0000 UTC",
            "timeouts": null,
            "vcn_id": "ocid1.vcn.oc1.phx.amaaaaaajkdonlqafrah22ye3fb5ef5nts74z4mnx5c4adgjyfucsiruum3a"
          },
          "private": "eyJlMmJmYjczMC1lY2FhLTExZTYtOGY4OC0zNDM2M2JjN2M0YzAiOnsiY3JlYXRlIjo5MDAwMDAwMDAwMDAsImRlbGV0ZSI6OTAwMDAwMDAwMDAwLCJ1cGRhdGUiOjkwMDAwMDAwMDAwMH19",
          "dependencies": [
            "oci_core_virtual_network.demo_vcn"
          ]
        }
      ]
    },
    {
      "mode": "managed",
      "type": "oci_core_route_table",
      "name": "demo_rt",
      "provider": "provider.oci",
      "instances": [
        {
          "schema_version": 0,
          "attributes": {
            "compartment_id": "ocid1.tenancy.oc1..aaaaaaaabqf6ipabpntzwgh5gndm2ow4fzeow4mvqihimy4fbwtea3dbbiea",
            "defined_tags": {},
            "display_name": "demo-rt",
            "freeform_tags": {},
            "id": "ocid1.routetable.oc1.phx.aaaaaaaacdp7kjdbdk55gkpci2uoer66phy5cooea2xqjgwbumz3n5vm6wza",
            "route_rules": [
              {
                "cidr_block": "",
                "destination": "0.0.0.0/0",
                "destination_type": "CIDR_BLOCK",
                "network_entity_id": "ocid1.internetgateway.oc1.phx.aaaaaaaavfmnhvki4zbm5ouqslk6avivaft6fpvbysbwwqvuzygqejkw6req"
              }
            ],
            "state": "AVAILABLE",
            "time_created": "2020-01-06 12:20:15.882 +0000 UTC",
            "timeouts": null,
            "vcn_id": "ocid1.vcn.oc1.phx.amaaaaaajkdonlqafrah22ye3fb5ef5nts74z4mnx5c4adgjyfucsiruum3a"
          },
          "private": "eyJlMmJmYjczMC1lY2FhLTExZTYtOGY4OC0zNDM2M2JjN2M0YzAiOnsiY3JlYXRlIjo5MDAwMDAwMDAwMDAsImRlbGV0ZSI6OTAwMDAwMDAwMDAwLCJ1cGRhdGUiOjkwMDAwMDAwMDAwMH19",
          "dependencies": [
            "oci_core_internet_gateway.demo_igw",
            "oci_core_virtual_network.demo_vcn"
          ]
        }
      ]
    },
    {
      "mode": "managed",
      "type": "oci_core_security_list",
      "name": "demo_sl",
      "provider": "provider.oci",
      "instances": [
        {
          "schema_version": 0,
          "attributes": {
            "compartment_id": "ocid1.tenancy.oc1..aaaaaaaabqf6ipabpntzwgh5gndm2ow4fzeow4mvqihimy4fbwtea3dbbiea",
            "defined_tags": {},
            "display_name": "demo-sl",
            "egress_security_rules": [
              {
                "destination": "0.0.0.0/0",
                "destination_type": "CIDR_BLOCK",
                "icmp_options": [],
                "protocol": "all",
                "stateless": false,
                "tcp_options": [],
                "udp_options": []
              }
            ],
            "freeform_tags": {},
            "id": "ocid1.securitylist.oc1.phx.aaaaaaaa3zt7urac4o36zcp6dfmhwpcchxu7hqknx2r62cudptabpxkztjdq",
            "ingress_security_rules": [
              {
                "icmp_options": [],
                "protocol": "6",
                "source": "0.0.0.0/0",
                "source_type": "CIDR_BLOCK",
                "stateless": false,
                "tcp_options": [
                  {
                    "max": 22,
                    "min": 22,
                    "source_port_range": []
                  }
                ],
                "udp_options": []
              },
              {
                "icmp_options": [],
                "protocol": "6",
                "source": "0.0.0.0/0",
                "source_type": "CIDR_BLOCK",
                "stateless": false,
                "tcp_options": [
                  {
                    "max": 80,
                    "min": 80,
                    "source_port_range": []
                  }
                ],
                "udp_options": []
              }
            ],
            "state": "AVAILABLE",
            "time_created": "2020-01-06 12:20:15.146 +0000 UTC",
            "timeouts": null,
            "vcn_id": "ocid1.vcn.oc1.phx.amaaaaaajkdonlqafrah22ye3fb5ef5nts74z4mnx5c4adgjyfucsiruum3a"
          },
          "private": "eyJlMmJmYjczMC1lY2FhLTExZTYtOGY4OC0zNDM2M2JjN2M0YzAiOnsiY3JlYXRlIjo5MDAwMDAwMDAwMDAsImRlbGV0ZSI6OTAwMDAwMDAwMDAwLCJ1cGRhdGUiOjkwMDAwMDAwMDAwMH19",
          "dependencies": [
            "oci_core_virtual_network.demo_vcn"
          ]
        }
      ]
    },
    {
      "mode": "managed",
      "type": "oci_core_subnet",
      "name": "demo_subnet",
      "provider": "provider.oci",
      "instances": [
        {
          "schema_version": 0,
          "attributes": {
            "availability_domain": "jDlL:PHX-AD-3",
            "cidr_block": "192.168.10.0/30",
            "compartment_id": "ocid1.tenancy.oc1..aaaaaaaabqf6ipabpntzwgh5gndm2ow4fzeow4mvqihimy4fbwtea3dbbiea",
            "defined_tags": {},
            "dhcp_options_id": "ocid1.dhcpoptions.oc1.phx.aaaaaaaahjv3kekmlxtkkifgu2jdtcsjricqvhhh6ajiadfnqurokwylau7a",
            "display_name": "demo-subnet",
            "dns_label": "demosubnet",
            "freeform_tags": {},
            "id": "ocid1.subnet.oc1.phx.aaaaaaaa67b6urn35iby2a2fuehs2gobiuduk56s7ly52om7fc3kqsfspfgq",
            "ipv6cidr_block": null,
            "ipv6public_cidr_block": null,
            "ipv6virtual_router_ip": null,
            "prohibit_public_ip_on_vnic": false,
            "route_table_id": "ocid1.routetable.oc1.phx.aaaaaaaacdp7kjdbdk55gkpci2uoer66phy5cooea2xqjgwbumz3n5vm6wza",
            "security_list_ids": [
              "ocid1.securitylist.oc1.phx.aaaaaaaa3zt7urac4o36zcp6dfmhwpcchxu7hqknx2r62cudptabpxkztjdq"
            ],
            "state": "AVAILABLE",
            "subnet_domain_name": "demosubnet.demovcn.oraclevcn.com",
            "time_created": "2020-01-06 12:20:16.686 +0000 UTC",
            "timeouts": null,
            "vcn_id": "ocid1.vcn.oc1.phx.amaaaaaajkdonlqafrah22ye3fb5ef5nts74z4mnx5c4adgjyfucsiruum3a",
            "virtual_router_ip": "192.168.10.1",
            "virtual_router_mac": "00:00:17:58:B5:B2"
          },
          "private": "eyJlMmJmYjczMC1lY2FhLTExZTYtOGY4OC0zNDM2M2JjN2M0YzAiOnsiY3JlYXRlIjo5MDAwMDAwMDAwMDAsImRlbGV0ZSI6OTAwMDAwMDAwMDAwLCJ1cGRhdGUiOjkwMDAwMDAwMDAwMH19",
          "dependencies": [
            "oci_core_internet_gateway.demo_igw",
            "oci_core_route_table.demo_rt",
            "oci_core_security_list.demo_sl",
            "oci_core_virtual_network.demo_vcn"
          ]
        }
      ]
    },
    {
      "mode": "managed",
      "type": "oci_core_virtual_network",
      "name": "demo_vcn",
      "provider": "provider.oci",
      "instances": [
        {
          "schema_version": 0,
          "attributes": {
            "cidr_block": "192.168.10.0/24",
            "compartment_id": "ocid1.tenancy.oc1..aaaaaaaabqf6ipabpntzwgh5gndm2ow4fzeow4mvqihimy4fbwtea3dbbiea",
            "default_dhcp_options_id": "ocid1.dhcpoptions.oc1.phx.aaaaaaaahjv3kekmlxtkkifgu2jdtcsjricqvhhh6ajiadfnqurokwylau7a",
            "default_route_table_id": "ocid1.routetable.oc1.phx.aaaaaaaaelfctiqkgoadypgead5w227ov35dr5nzfett6hrrmztarr6656ya",
            "default_security_list_id": "ocid1.securitylist.oc1.phx.aaaaaaaagux53ssohaehv7n6rys7yt7zoic7xehpb4pcf4qmksrtb7lyo3dq",
            "defined_tags": {},
            "display_name": "demo-vcn",
            "dns_label": "demovcn",
            "freeform_tags": {},
            "id": "ocid1.vcn.oc1.phx.amaaaaaajkdonlqafrah22ye3fb5ef5nts74z4mnx5c4adgjyfucsiruum3a",
            "ipv6cidr_block": null,
            "ipv6public_cidr_block": null,
            "is_ipv6enabled": null,
            "state": "AVAILABLE",
            "time_created": "2020-01-06 12:20:13.572 +0000 UTC",
            "timeouts": null,
            "vcn_domain_name": "demovcn.oraclevcn.com"
          },
          "private": "eyJlMmJmYjczMC1lY2FhLTExZTYtOGY4OC0zNDM2M2JjN2M0YzAiOnsiY3JlYXRlIjo5MDAwMDAwMDAwMDAsImRlbGV0ZSI6OTAwMDAwMDAwMDAwLCJ1cGRhdGUiOjkwMDAwMDAwMDAwMH19"
        }
      ]
    }
  ]
}
